{
  "name": "ngx-smart-modal-loader",
  "version": "0.0.1",
  "lockfileVersion": 1,
  "requires": true,
  "dependencies": {
    "ngx-smart-modal": {
      "version": "7.4.1",
      "resolved": "https://registry.npmjs.org/ngx-smart-modal/-/ngx-smart-modal-7.4.1.tgz",
      "integrity": "sha512-1vvqavgJYa06lMAgAniuoaLDCNN4i4M7GzWdSTfndrdtknPUwLlXjmr0uJG7NvgeOnZYICWwx/c/dtgHsMjH/Q=="
    }
  }
}
